# @generated by Move, please check-in and do not edit manually.

[move]
version = 3
manifest_digest = "F7DDAE7EED170CE3C00648BCCA45C5C172603A6C96A07C967B2130AE8BC7ACB3"
deps_digest = "F8BBB0CCB2491CA29A3DF03D6F92277A4F3574266507ACD77214D37ECA3F3082"
dependencies = [
  { id = "Sui", name = "Sui" },
]

[[move.package]]
id = "MoveStdlib"
source = { local = "C:\\Users\\User\\sui\\crates\\sui-framework\\packages\\move-stdlib" }

[[move.package]]
id = "Sui"
source = { local = "C:\\Users\\User\\sui\\crates\\sui-framework\\packages\\sui-framework" }

dependencies = [
  { id = "MoveStdlib", name = "MoveStdlib" },
]

[move.toolchain-version]
compiler-version = "1.48.2"
edition = "2024.beta"
flavor = "sui"

[env]

[env.devnet]
chain-id = "06039fc3"
original-published-id = "0xdca34fc140a0887241da359545cffc6ab0691b2be013611a1784156ae9f4c8c0"
latest-published-id = "0xdca34fc140a0887241da359545cffc6ab0691b2be013611a1784156ae9f4c8c0"
published-version = "1"

[env.testnet]
chain-id = "4c78adac"
original-published-id = "0xa66d76eb1090e7240323645d1f6b25b8ea5103df76bf9175c4ea1e49dc1f3309"
latest-published-id = "0xa66d76eb1090e7240323645d1f6b25b8ea5103df76bf9175c4ea1e49dc1f3309"
published-version = "1"
